
Microsoft Visual Studio Solution File, Format Version 12.00
# Visual Studio Version 17
VisualStudioVersion = 17.0.31903.59
MinimumVisualStudioVersion = 10.0.40219.1
Project("{9A19103F-16F7-4668-BE54-9A1E7A4F7556}") = "Vk.Post.Predict", "Vk.Post.Predict\Vk.Post.Predict.csproj", "{8D697992-934E-4AA9-A802-7EF6EE3CFA25}"
EndProject
Project("{2150E333-8FDC-42A3-9474-1A3956D46DE8}") = "Solution Items", "Solution Items", "{715EE17A-78E4-43CB-854D-3BD02ECA1562}"
	ProjectSection(SolutionItems) = preProject
		.editorconfig = .editorconfig
		Dockerfile = Dockerfile
	EndProjectSection
EndProject
Project("{FAE04EC0-301F-11D3-BF4B-00C04F79EFBC}") = "Vk.Post.Predict.Persistence.Abstractions", "Vk.Post.Predict.Persistence.Abstractions\Vk.Post.Predict.Persistence.Abstractions.csproj", "{56E31C0D-DD44-4104-B45D-082618BFDF07}"
EndProject
Project("{FAE04EC0-301F-11D3-BF4B-00C04F79EFBC}") = "Vk.Post.Predict.Persistence.Pgsql", "Vk.Post.Predict.Persistence.Pgsql\Vk.Post.Predict.Persistence.Pgsql.csproj", "{23F381FA-CEB6-4915-807B-71EAF45141DE}"
EndProject
Project("{FAE04EC0-301F-11D3-BF4B-00C04F79EFBC}") = "Vk.Post.Predict.Services.Abstractions", "Vk.Post.Predict.Services.Abstractions\Vk.Post.Predict.Services.Abstractions.csproj", "{416AE750-AC3E-43C5-A61A-4AC41F77C649}"
EndProject
Project("{2150E333-8FDC-42A3-9474-1A3956D46DE8}") = "proto", "proto", "{95CF44F7-6803-4634-AF60-7D8E7C934594}"
	ProjectSection(SolutionItems) = preProject
		proto\predict.proto = proto\predict.proto
		proto\annotations.proto = proto\annotations.proto
		proto\http.proto = proto\http.proto
	EndProjectSection
EndProject
Global
	GlobalSection(SolutionConfigurationPlatforms) = preSolution
		Debug|Any CPU = Debug|Any CPU
		Release|Any CPU = Release|Any CPU
	EndGlobalSection
	GlobalSection(ProjectConfigurationPlatforms) = postSolution
		{8D697992-934E-4AA9-A802-7EF6EE3CFA25}.Debug|Any CPU.ActiveCfg = Debug|Any CPU
		{8D697992-934E-4AA9-A802-7EF6EE3CFA25}.Debug|Any CPU.Build.0 = Debug|Any CPU
		{8D697992-934E-4AA9-A802-7EF6EE3CFA25}.Release|Any CPU.ActiveCfg = Release|Any CPU
		{8D697992-934E-4AA9-A802-7EF6EE3CFA25}.Release|Any CPU.Build.0 = Release|Any CPU
		{56E31C0D-DD44-4104-B45D-082618BFDF07}.Debug|Any CPU.ActiveCfg = Debug|Any CPU
		{56E31C0D-DD44-4104-B45D-082618BFDF07}.Debug|Any CPU.Build.0 = Debug|Any CPU
		{56E31C0D-DD44-4104-B45D-082618BFDF07}.Release|Any CPU.ActiveCfg = Release|Any CPU
		{56E31C0D-DD44-4104-B45D-082618BFDF07}.Release|Any CPU.Build.0 = Release|Any CPU
		{23F381FA-CEB6-4915-807B-71EAF45141DE}.Debug|Any CPU.ActiveCfg = Debug|Any CPU
		{23F381FA-CEB6-4915-807B-71EAF45141DE}.Debug|Any CPU.Build.0 = Debug|Any CPU
		{23F381FA-CEB6-4915-807B-71EAF45141DE}.Release|Any CPU.ActiveCfg = Release|Any CPU
		{23F381FA-CEB6-4915-807B-71EAF45141DE}.Release|Any CPU.Build.0 = Release|Any CPU
		{416AE750-AC3E-43C5-A61A-4AC41F77C649}.Debug|Any CPU.ActiveCfg = Debug|Any CPU
		{416AE750-AC3E-43C5-A61A-4AC41F77C649}.Debug|Any CPU.Build.0 = Debug|Any CPU
		{416AE750-AC3E-43C5-A61A-4AC41F77C649}.Release|Any CPU.ActiveCfg = Release|Any CPU
		{416AE750-AC3E-43C5-A61A-4AC41F77C649}.Release|Any CPU.Build.0 = Release|Any CPU
	EndGlobalSection
	GlobalSection(SolutionProperties) = preSolution
		HideSolutionNode = FALSE
	EndGlobalSection
	GlobalSection(ExtensibilityGlobals) = postSolution
		SolutionGuid = {6AA83AD5-8620-4A41-9863-4057D1702F54}
	EndGlobalSection
	GlobalSection(NestedProjects) = preSolution
		{95CF44F7-6803-4634-AF60-7D8E7C934594} = {715EE17A-78E4-43CB-854D-3BD02ECA1562}
	EndGlobalSection
EndGlobal
